// !$*UTF8*$!
{
	archiveVersion = 1;
	classes = {
	};
	objectVersion = 46;
	objects = {

/* Begin PBXBuildFile section */
		1B661233D3DFA6BE8A20943B /* libPods.a in Frameworks */ = {isa = PBXBuildFile; fileRef = 11BEA97E2777D806B33A72EC /* libPods.a */; };
		8213923A1B6A4749004D91EF /* ReadingAuthorView.m in Sources */ = {isa = PBXBuildFile; fileRef = 821392391B6A4749004D91EF /* ReadingAuthorView.m */; };
		8213923F1B6A60FD004D91EF /* reading_content_1.txt in Resources */ = {isa = PBXBuildFile; fileRef = 8213923B1B6A60FC004D91EF /* reading_content_1.txt */; };
		821392401B6A60FD004D91EF /* reading_content_2.txt in Resources */ = {isa = PBXBuildFile; fileRef = 8213923C1B6A60FD004D91EF /* reading_content_2.txt */; };
		821392411B6A60FD004D91EF /* reading_content_3.txt in Resources */ = {isa = PBXBuildFile; fileRef = 8213923D1B6A60FD004D91EF /* reading_content_3.txt */; };
		821392421B6A60FD004D91EF /* reading_content_4.txt in Resources */ = {isa = PBXBuildFile; fileRef = 8213923E1B6A60FD004D91EF /* reading_content_4.txt */; };
		821392451B6B3A9D004D91EF /* HomeView.m in Sources */ = {isa = PBXBuildFile; fileRef = 821392441B6B3A9D004D91EF /* HomeView.m */; };
		8213924C1B6BAAD5004D91EF /* Century Gothic Bold.TTF in Resources */ = {isa = PBXBuildFile; fileRef = 8213924A1B6BA788004D91EF /* Century Gothic Bold.TTF */; };
		8269D2821B65DC5C0041AE0B /* main.m in Sources */ = {isa = PBXBuildFile; fileRef = 8269D2811B65DC5C0041AE0B /* main.m */; };
		8269D2851B65DC5C0041AE0B /* AppDelegate.m in Sources */ = {isa = PBXBuildFile; fileRef = 8269D2841B65DC5C0041AE0B /* AppDelegate.m */; };
		8269D28B1B65DC5C0041AE0B /* Main.storyboard in Resources */ = {isa = PBXBuildFile; fileRef = 8269D2891B65DC5C0041AE0B /* Main.storyboard */; };
		8269D28D1B65DC5C0041AE0B /* Images.xcassets in Resources */ = {isa = PBXBuildFile; fileRef = 8269D28C1B65DC5C0041AE0B /* Images.xcassets */; };
		8269D29C1B65DC5C0041AE0B /* MyOneTests.m in Sources */ = {isa = PBXBuildFile; fileRef = 8269D29B1B65DC5C0041AE0B /* MyOneTests.m */; };
		828F6D1F1B68E785007521F0 /* home_content.txt in Resources */ = {isa = PBXBuildFile; fileRef = 828F6D1B1B68E785007521F0 /* home_content.txt */; };
		828F6D201B68E785007521F0 /* question_content.txt in Resources */ = {isa = PBXBuildFile; fileRef = 828F6D1C1B68E785007521F0 /* question_content.txt */; };
		828F6D211B68E785007521F0 /* reading_content_0.txt in Resources */ = {isa = PBXBuildFile; fileRef = 828F6D1D1B68E785007521F0 /* reading_content_0.txt */; };
		828F6D221B68E785007521F0 /* thing_content.txt in Resources */ = {isa = PBXBuildFile; fileRef = 828F6D1E1B68E785007521F0 /* thing_content.txt */; };
		828F6D2D1B68E98A007521F0 /* HomeEntity.m in Sources */ = {isa = PBXBuildFile; fileRef = 828F6D2C1B68E98A007521F0 /* HomeEntity.m */; };
		828F6D301B68E9A9007521F0 /* ReadingEntity.m in Sources */ = {isa = PBXBuildFile; fileRef = 828F6D2F1B68E9A9007521F0 /* ReadingEntity.m */; };
		828F6D331B68E9BE007521F0 /* QuestionEntity.m in Sources */ = {isa = PBXBuildFile; fileRef = 828F6D321B68E9BE007521F0 /* QuestionEntity.m */; };
		828F6D361B68E9CF007521F0 /* ThingEntity.m in Sources */ = {isa = PBXBuildFile; fileRef = 828F6D351B68E9CF007521F0 /* ThingEntity.m */; };
		82A726601B6CD42600348EAC /* ReadingAuthorView.xib in Resources */ = {isa = PBXBuildFile; fileRef = 82A7265F1B6CD42600348EAC /* ReadingAuthorView.xib */; };
		82E75E711B65F58A000C8106 /* HomeViewController.m in Sources */ = {isa = PBXBuildFile; fileRef = 82E75E701B65F58A000C8106 /* HomeViewController.m */; };
		82E75E741B65F59E000C8106 /* ReadingViewController.m in Sources */ = {isa = PBXBuildFile; fileRef = 82E75E731B65F59E000C8106 /* ReadingViewController.m */; };
		82E75E771B65F5AB000C8106 /* QuestionViewController.m in Sources */ = {isa = PBXBuildFile; fileRef = 82E75E761B65F5AB000C8106 /* QuestionViewController.m */; };
		82E75E7A1B65F5C1000C8106 /* ThingViewController.m in Sources */ = {isa = PBXBuildFile; fileRef = 82E75E791B65F5C1000C8106 /* ThingViewController.m */; };
		82E75E7D1B65F5CD000C8106 /* PersonViewController.m in Sources */ = {isa = PBXBuildFile; fileRef = 82E75E7C1B65F5CD000C8106 /* PersonViewController.m */; };
		82E75E801B65F636000C8106 /* AboutViewController.m in Sources */ = {isa = PBXBuildFile; fileRef = 82E75E7F1B65F636000C8106 /* AboutViewController.m */; };
		82E75E8A1B66102C000C8106 /* AppConfigure.m in Sources */ = {isa = PBXBuildFile; fileRef = 82E75E891B66102C000C8106 /* AppConfigure.m */; };
		82E75E941B6725F8000C8106 /* BaseFunction.m in Sources */ = {isa = PBXBuildFile; fileRef = 82E75E931B6725F8000C8106 /* BaseFunction.m */; };
		82E75E981B6753C9000C8106 /* BaseViewController.m in Sources */ = {isa = PBXBuildFile; fileRef = 82E75E971B6753C9000C8106 /* BaseViewController.m */; };
		82E75E9B1B678057000C8106 /* RightPullToRefreshView.m in Sources */ = {isa = PBXBuildFile; fileRef = 82E75E9A1B678057000C8106 /* RightPullToRefreshView.m */; };
/* End PBXBuildFile section */

/* Begin PBXContainerItemProxy section */
		8269D2961B65DC5C0041AE0B /* PBXContainerItemProxy */ = {
			isa = PBXContainerItemProxy;
			containerPortal = 8269D2741B65DC5C0041AE0B /* Project object */;
			proxyType = 1;
			remoteGlobalIDString = 8269D27B1B65DC5C0041AE0B;
			remoteInfo = MyOne;
		};
/* End PBXContainerItemProxy section */

/* Begin PBXFileReference section */
		11BEA97E2777D806B33A72EC /* libPods.a */ = {isa = PBXFileReference; explicitFileType = archive.ar; includeInIndex = 0; path = libPods.a; sourceTree = BUILT_PRODUCTS_DIR; };
		5495F9E3F4BE3E2E86412487 /* Pods.release.xcconfig */ = {isa = PBXFileReference; includeInIndex = 1; lastKnownFileType = text.xcconfig; name = Pods.release.xcconfig; path = "Pods/Target Support Files/Pods/Pods.release.xcconfig"; sourceTree = "<group>"; };
		821392381B6A4749004D91EF /* ReadingAuthorView.h */ = {isa = PBXFileReference; fileEncoding = 4; lastKnownFileType = sourcecode.c.h; path = ReadingAuthorView.h; sourceTree = "<group>"; };
		821392391B6A4749004D91EF /* ReadingAuthorView.m */ = {isa = PBXFileReference; fileEncoding = 4; lastKnownFileType = sourcecode.c.objc; path = ReadingAuthorView.m; sourceTree = "<group>"; };
		8213923B1B6A60FC004D91EF /* reading_content_1.txt */ = {isa = PBXFileReference; fileEncoding = 4; lastKnownFileType = text; path = reading_content_1.txt; sourceTree = "<group>"; };
		8213923C1B6A60FD004D91EF /* reading_content_2.txt */ = {isa = PBXFileReference; fileEncoding = 4; lastKnownFileType = text; path = reading_content_2.txt; sourceTree = "<group>"; };
		8213923D1B6A60FD004D91EF /* reading_content_3.txt */ = {isa = PBXFileReference; fileEncoding = 4; lastKnownFileType = text; path = reading_content_3.txt; sourceTree = "<group>"; };
		8213923E1B6A60FD004D91EF /* reading_content_4.txt */ = {isa = PBXFileReference; fileEncoding = 4; lastKnownFileType = text; path = reading_content_4.txt; sourceTree = "<group>"; };
		821392431B6B3A9D004D91EF /* HomeView.h */ = {isa = PBXFileReference; fileEncoding = 4; lastKnownFileType = sourcecode.c.h; path = HomeView.h; sourceTree = "<group>"; };
		821392441B6B3A9D004D91EF /* HomeView.m */ = {isa = PBXFileReference; fileEncoding = 4; lastKnownFileType = sourcecode.c.objc; path = HomeView.m; sourceTree = "<group>"; };
		8213924A1B6BA788004D91EF /* Century Gothic Bold.TTF */ = {isa = PBXFileReference; lastKnownFileType = file; path = "Century Gothic Bold.TTF"; sourceTree = "<group>"; };
		8269D27C1B65DC5C0041AE0B /* MyOne.app */ = {isa = PBXFileReference; explicitFileType = wrapper.application; includeInIndex = 0; path = MyOne.app; sourceTree = BUILT_PRODUCTS_DIR; };
		8269D2801B65DC5C0041AE0B /* Info.plist */ = {isa = PBXFileReference; lastKnownFileType = text.plist.xml; path = Info.plist; sourceTree = "<group>"; };
		8269D2811B65DC5C0041AE0B /* main.m */ = {isa = PBXFileReference; lastKnownFileType = sourcecode.c.objc; path = main.m; sourceTree = "<group>"; };
		8269D2831B65DC5C0041AE0B /* AppDelegate.h */ = {isa = PBXFileReference; lastKnownFileType = sourcecode.c.h; path = AppDelegate.h; sourceTree = "<group>"; };
		8269D2841B65DC5C0041AE0B /* AppDelegate.m */ = {isa = PBXFileReference; lastKnownFileType = sourcecode.c.objc; path = AppDelegate.m; sourceTree = "<group>"; };
		8269D28A1B65DC5C0041AE0B /* Base */ = {isa = PBXFileReference; lastKnownFileType = file.storyboard; name = Base; path = Base.lproj/Main.storyboard; sourceTree = "<group>"; };
		8269D28C1B65DC5C0041AE0B /* Images.xcassets */ = {isa = PBXFileReference; lastKnownFileType = folder.assetcatalog; path = Images.xcassets; sourceTree = "<group>"; };
		8269D2951B65DC5C0041AE0B /* MyOneTests.xctest */ = {isa = PBXFileReference; explicitFileType = wrapper.cfbundle; includeInIndex = 0; path = MyOneTests.xctest; sourceTree = BUILT_PRODUCTS_DIR; };
		8269D29A1B65DC5C0041AE0B /* Info.plist */ = {isa = PBXFileReference; lastKnownFileType = text.plist.xml; path = Info.plist; sourceTree = "<group>"; };
		8269D29B1B65DC5C0041AE0B /* MyOneTests.m */ = {isa = PBXFileReference; lastKnownFileType = sourcecode.c.objc; path = MyOneTests.m; sourceTree = "<group>"; };
		828F6D1B1B68E785007521F0 /* home_content.txt */ = {isa = PBXFileReference; fileEncoding = 4; lastKnownFileType = text; path = home_content.txt; sourceTree = "<group>"; };
		828F6D1C1B68E785007521F0 /* question_content.txt */ = {isa = PBXFileReference; fileEncoding = 4; lastKnownFileType = text; path = question_content.txt; sourceTree = "<group>"; };
		828F6D1D1B68E785007521F0 /* reading_content_0.txt */ = {isa = PBXFileReference; fileEncoding = 4; lastKnownFileType = text; path = reading_content_0.txt; sourceTree = "<group>"; };
		828F6D1E1B68E785007521F0 /* thing_content.txt */ = {isa = PBXFileReference; fileEncoding = 4; lastKnownFileType = text; path = thing_content.txt; sourceTree = "<group>"; };
		828F6D2B1B68E98A007521F0 /* HomeEntity.h */ = {isa = PBXFileReference; fileEncoding = 4; lastKnownFileType = sourcecode.c.h; path = HomeEntity.h; sourceTree = "<group>"; };
		828F6D2C1B68E98A007521F0 /* HomeEntity.m */ = {isa = PBXFileReference; fileEncoding = 4; lastKnownFileType = sourcecode.c.objc; path = HomeEntity.m; sourceTree = "<group>"; };
		828F6D2E1B68E9A9007521F0 /* ReadingEntity.h */ = {isa = PBXFileReference; fileEncoding = 4; lastKnownFileType = sourcecode.c.h; path = ReadingEntity.h; sourceTree = "<group>"; };
		828F6D2F1B68E9A9007521F0 /* ReadingEntity.m */ = {isa = PBXFileReference; fileEncoding = 4; lastKnownFileType = sourcecode.c.objc; path = ReadingEntity.m; sourceTree = "<group>"; };
		828F6D311B68E9BE007521F0 /* QuestionEntity.h */ = {isa = PBXFileReference; fileEncoding = 4; lastKnownFileType = sourcecode.c.h; path = QuestionEntity.h; sourceTree = "<group>"; };
		828F6D321B68E9BE007521F0 /* QuestionEntity.m */ = {isa = PBXFileReference; fileEncoding = 4; lastKnownFileType = sourcecode.c.objc; path = QuestionEntity.m; sourceTree = "<group>"; };
		828F6D341B68E9CF007521F0 /* ThingEntity.h */ = {isa = PBXFileReference; fileEncoding = 4; lastKnownFileType = sourcecode.c.h; path = ThingEntity.h; sourceTree = "<group>"; };
		828F6D351B68E9CF007521F0 /* ThingEntity.m */ = {isa = PBXFileReference; fileEncoding = 4; lastKnownFileType = sourcecode.c.objc; path = ThingEntity.m; sourceTree = "<group>"; };
		82A7265F1B6CD42600348EAC /* ReadingAuthorView.xib */ = {isa = PBXFileReference; fileEncoding = 4; lastKnownFileType = file.xib; path = ReadingAuthorView.xib; sourceTree = "<group>"; };
		82E75E6F1B65F58A000C8106 /* HomeViewController.h */ = {isa = PBXFileReference; fileEncoding = 4; lastKnownFileType = sourcecode.c.h; path = HomeViewController.h; sourceTree = "<group>"; };
		82E75E701B65F58A000C8106 /* HomeViewController.m */ = {isa = PBXFileReference; fileEncoding = 4; lastKnownFileType = sourcecode.c.objc; path = HomeViewController.m; sourceTree = "<group>"; };
		82E75E721B65F59E000C8106 /* ReadingViewController.h */ = {isa = PBXFileReference; fileEncoding = 4; lastKnownFileType = sourcecode.c.h; path = ReadingViewController.h; sourceTree = "<group>"; };
		82E75E731B65F59E000C8106 /* ReadingViewController.m */ = {isa = PBXFileReference; fileEncoding = 4; lastKnownFileType = sourcecode.c.objc; path = ReadingViewController.m; sourceTree = "<group>"; };
		82E75E751B65F5AB000C8106 /* QuestionViewController.h */ = {isa = PBXFileReference; fileEncoding = 4; lastKnownFileType = sourcecode.c.h; path = QuestionViewController.h; sourceTree = "<group>"; };
		82E75E761B65F5AB000C8106 /* QuestionViewController.m */ = {isa = PBXFileReference; fileEncoding = 4; lastKnownFileType = sourcecode.c.objc; path = QuestionViewController.m; sourceTree = "<group>"; };
		82E75E781B65F5C1000C8106 /* ThingViewController.h */ = {isa = PBXFileReference; fileEncoding = 4; lastKnownFileType = sourcecode.c.h; path = ThingViewController.h; sourceTree = "<group>"; };
		82E75E791B65F5C1000C8106 /* ThingViewController.m */ = {isa = PBXFileReference; fileEncoding = 4; lastKnownFileType = sourcecode.c.objc; path = ThingViewController.m; sourceTree = "<group>"; };
		82E75E7B1B65F5CD000C8106 /* PersonViewController.h */ = {isa = PBXFileReference; fileEncoding = 4; lastKnownFileType = sourcecode.c.h; path = PersonViewController.h; sourceTree = "<group>"; };
		82E75E7C1B65F5CD000C8106 /* PersonViewController.m */ = {isa = PBXFileReference; fileEncoding = 4; lastKnownFileType = sourcecode.c.objc; path = PersonViewController.m; sourceTree = "<group>"; };
		82E75E7E1B65F636000C8106 /* AboutViewController.h */ = {isa = PBXFileReference; fileEncoding = 4; lastKnownFileType = sourcecode.c.h; path = AboutViewController.h; sourceTree = "<group>"; };
		82E75E7F1B65F636000C8106 /* AboutViewController.m */ = {isa = PBXFileReference; fileEncoding = 4; lastKnownFileType = sourcecode.c.objc; path = AboutViewController.m; sourceTree = "<group>"; };
		82E75E811B65FF2C000C8106 /* Reveal.framework */ = {isa = PBXFileReference; lastKnownFileType = wrapper.framework; path = Reveal.framework; sourceTree = "<group>"; };
		82E75E841B660FB0000C8106 /* Constants.h */ = {isa = PBXFileReference; lastKnownFileType = sourcecode.c.h; path = Constants.h; sourceTree = "<group>"; };
		82E75E881B66102C000C8106 /* AppConfigure.h */ = {isa = PBXFileReference; fileEncoding = 4; lastKnownFileType = sourcecode.c.h; path = AppConfigure.h; sourceTree = "<group>"; };
		82E75E891B66102C000C8106 /* AppConfigure.m */ = {isa = PBXFileReference; fileEncoding = 4; lastKnownFileType = sourcecode.c.objc; path = AppConfigure.m; sourceTree = "<group>"; };
		82E75E8B1B6611EF000C8106 /* MyOne.pch */ = {isa = PBXFileReference; fileEncoding = 4; lastKnownFileType = sourcecode.c.h; path = MyOne.pch; sourceTree = "<group>"; };
		82E75E921B6725F8000C8106 /* BaseFunction.h */ = {isa = PBXFileReference; fileEncoding = 4; lastKnownFileType = sourcecode.c.h; path = BaseFunction.h; sourceTree = "<group>"; };
		82E75E931B6725F8000C8106 /* BaseFunction.m */ = {isa = PBXFileReference; fileEncoding = 4; lastKnownFileType = sourcecode.c.objc; path = BaseFunction.m; sourceTree = "<group>"; };
		82E75E961B6753C9000C8106 /* BaseViewController.h */ = {isa = PBXFileReference; fileEncoding = 4; lastKnownFileType = sourcecode.c.h; path = BaseViewController.h; sourceTree = "<group>"; };
		82E75E971B6753C9000C8106 /* BaseViewController.m */ = {isa = PBXFileReference; fileEncoding = 4; lastKnownFileType = sourcecode.c.objc; path = BaseViewController.m; sourceTree = "<group>"; };
		82E75E991B678057000C8106 /* RightPullToRefreshView.h */ = {isa = PBXFileReference; fileEncoding = 4; lastKnownFileType = sourcecode.c.h; path = RightPullToRefreshView.h; sourceTree = "<group>"; };
		82E75E9A1B678057000C8106 /* RightPullToRefreshView.m */ = {isa = PBXFileReference; fileEncoding = 4; lastKnownFileType = sourcecode.c.objc; path = RightPullToRefreshView.m; sourceTree = "<group>"; };
		BFAA7262EA632554AE692584 /* Pods.debug.xcconfig */ = {isa = PBXFileReference; includeInIndex = 1; lastKnownFileType = text.xcconfig; name = Pods.debug.xcconfig; path = "Pods/Target Support Files/Pods/Pods.debug.xcconfig"; sourceTree = "<group>"; };
/* End PBXFileReference section */

/* Begin PBXFrameworksBuildPhase section */
		8269D2791B65DC5C0041AE0B /* Frameworks */ = {
			isa = PBXFrameworksBuildPhase;
			buildActionMask = 2147483647;
			files = (
				1B661233D3DFA6BE8A20943B /* libPods.a in Frameworks */,
			);
			runOnlyForDeploymentPostprocessing = 0;
		};
		8269D2921B65DC5C0041AE0B /* Frameworks */ = {
			isa = PBXFrameworksBuildPhase;
			buildActionMask = 2147483647;
			files = (
			);
			runOnlyForDeploymentPostprocessing = 0;
		};
/* End PBXFrameworksBuildPhase section */

/* Begin PBXGroup section */
		821392491B6BA5B8004D91EF /* Fonts */ = {
			isa = PBXGroup;
			children = (
				8213924A1B6BA788004D91EF /* Century Gothic Bold.TTF */,
			);
			path = Fonts;
			sourceTree = "<group>";
		};
		8269D2731B65DC5C0041AE0B = {
			isa = PBXGroup;
			children = (
				8269D27E1B65DC5C0041AE0B /* MyOne */,
				8269D2981B65DC5C0041AE0B /* MyOneTests */,
				8269D27D1B65DC5C0041AE0B /* Products */,
				FDC3C7F38F5978B460F22F54 /* Pods */,
				9C7621FC42D527A526CB7B8B /* Frameworks */,
			);
			sourceTree = "<group>";
		};
		8269D27D1B65DC5C0041AE0B /* Products */ = {
			isa = PBXGroup;
			children = (
				8269D27C1B65DC5C0041AE0B /* MyOne.app */,
				8269D2951B65DC5C0041AE0B /* MyOneTests.xctest */,
			);
			name = Products;
			sourceTree = "<group>";
		};
		8269D27E1B65DC5C0041AE0B /* MyOne */ = {
			isa = PBXGroup;
			children = (
				82E75E8C1B672101000C8106 /* Cells */,
				821392491B6BA5B8004D91EF /* Fonts */,
				828F6D2A1B68E97F007521F0 /* Modules */,
				82E75E6E1B65F553000C8106 /* Views */,
				82E75E6D1B65F553000C8106 /* ViewControllers */,
				82E75E6C1B65F553000C8106 /* Utils */,
				8269D2831B65DC5C0041AE0B /* AppDelegate.h */,
				8269D2841B65DC5C0041AE0B /* AppDelegate.m */,
				8269D2891B65DC5C0041AE0B /* Main.storyboard */,
				8269D28C1B65DC5C0041AE0B /* Images.xcassets */,
				8269D27F1B65DC5C0041AE0B /* Supporting Files */,
			);
			path = MyOne;
			sourceTree = "<group>";
		};
		8269D27F1B65DC5C0041AE0B /* Supporting Files */ = {
			isa = PBXGroup;
			children = (
				828F6D1A1B68E785007521F0 /* TestDatas */,
				8269D2801B65DC5C0041AE0B /* Info.plist */,
				8269D2811B65DC5C0041AE0B /* main.m */,
				82E75E8B1B6611EF000C8106 /* MyOne.pch */,
			);
			name = "Supporting Files";
			sourceTree = "<group>";
		};
		8269D2981B65DC5C0041AE0B /* MyOneTests */ = {
			isa = PBXGroup;
			children = (
				8269D29B1B65DC5C0041AE0B /* MyOneTests.m */,
				8269D2991B65DC5C0041AE0B /* Supporting Files */,
			);
			path = MyOneTests;
			sourceTree = "<group>";
		};
		8269D2991B65DC5C0041AE0B /* Supporting Files */ = {
			isa = PBXGroup;
			children = (
				8269D29A1B65DC5C0041AE0B /* Info.plist */,
			);
			name = "Supporting Files";
			sourceTree = "<group>";
		};
		828F6D1A1B68E785007521F0 /* TestDatas */ = {
			isa = PBXGroup;
			children = (
				828F6D1B1B68E785007521F0 /* home_content.txt */,
				828F6D1D1B68E785007521F0 /* reading_content_0.txt */,
				8213923B1B6A60FC004D91EF /* reading_content_1.txt */,
				8213923C1B6A60FD004D91EF /* reading_content_2.txt */,
				8213923D1B6A60FD004D91EF /* reading_content_3.txt */,
				8213923E1B6A60FD004D91EF /* reading_content_4.txt */,
				828F6D1C1B68E785007521F0 /* question_content.txt */,
				828F6D1E1B68E785007521F0 /* thing_content.txt */,
			);
			path = TestDatas;
			sourceTree = "<group>";
		};
		828F6D2A1B68E97F007521F0 /* Modules */ = {
			isa = PBXGroup;
			children = (
				828F6D2B1B68E98A007521F0 /* HomeEntity.h */,
				828F6D2C1B68E98A007521F0 /* HomeEntity.m */,
				828F6D2E1B68E9A9007521F0 /* ReadingEntity.h */,
				828F6D2F1B68E9A9007521F0 /* ReadingEntity.m */,
				828F6D311B68E9BE007521F0 /* QuestionEntity.h */,
				828F6D321B68E9BE007521F0 /* QuestionEntity.m */,
				828F6D341B68E9CF007521F0 /* ThingEntity.h */,
				828F6D351B68E9CF007521F0 /* ThingEntity.m */,
			);
			path = Modules;
			sourceTree = "<group>";
		};
		82E75E6C1B65F553000C8106 /* Utils */ = {
			isa = PBXGroup;
			children = (
				82E75E841B660FB0000C8106 /* Constants.h */,
				82E75E881B66102C000C8106 /* AppConfigure.h */,
				82E75E891B66102C000C8106 /* AppConfigure.m */,
				82E75E921B6725F8000C8106 /* BaseFunction.h */,
				82E75E931B6725F8000C8106 /* BaseFunction.m */,
			);
			path = Utils;
			sourceTree = "<group>";
		};
		82E75E6D1B65F553000C8106 /* ViewControllers */ = {
			isa = PBXGroup;
			children = (
				82E75E951B6753B0000C8106 /* BaseViewController */,
				82E75E6F1B65F58A000C8106 /* HomeViewController.h */,
				82E75E701B65F58A000C8106 /* HomeViewController.m */,
				82E75E721B65F59E000C8106 /* ReadingViewController.h */,
				82E75E731B65F59E000C8106 /* ReadingViewController.m */,
				82E75E751B65F5AB000C8106 /* QuestionViewController.h */,
				82E75E761B65F5AB000C8106 /* QuestionViewController.m */,
				82E75E781B65F5C1000C8106 /* ThingViewController.h */,
				82E75E791B65F5C1000C8106 /* ThingViewController.m */,
				82E75E7B1B65F5CD000C8106 /* PersonViewController.h */,
				82E75E7C1B65F5CD000C8106 /* PersonViewController.m */,
				82E75E7E1B65F636000C8106 /* AboutViewController.h */,
				82E75E7F1B65F636000C8106 /* AboutViewController.m */,
			);
			path = ViewControllers;
			sourceTree = "<group>";
		};
		82E75E6E1B65F553000C8106 /* Views */ = {
			isa = PBXGroup;
			children = (
				82E75E991B678057000C8106 /* RightPullToRefreshView.h */,
				82E75E9A1B678057000C8106 /* RightPullToRefreshView.m */,
				821392381B6A4749004D91EF /* ReadingAuthorView.h */,
				821392391B6A4749004D91EF /* ReadingAuthorView.m */,
				821392431B6B3A9D004D91EF /* HomeView.h */,
				821392441B6B3A9D004D91EF /* HomeView.m */,
				82A7265F1B6CD42600348EAC /* ReadingAuthorView.xib */,
			);
			path = Views;
			sourceTree = "<group>";
		};
		82E75E8C1B672101000C8106 /* Cells */ = {
			isa = PBXGroup;
			children = (
			);
			path = Cells;
			sourceTree = "<group>";
		};
		82E75E951B6753B0000C8106 /* BaseViewController */ = {
			isa = PBXGroup;
			children = (
				82E75E961B6753C9000C8106 /* BaseViewController.h */,
				82E75E971B6753C9000C8106 /* BaseViewController.m */,
			);
			path = BaseViewController;
			sourceTree = "<group>";
		};
		9C7621FC42D527A526CB7B8B /* Frameworks */ = {
			isa = PBXGroup;
			children = (
				82E75E811B65FF2C000C8106 /* Reveal.framework */,
				11BEA97E2777D806B33A72EC /* libPods.a */,
			);
			name = Frameworks;
			sourceTree = "<group>";
		};
		FDC3C7F38F5978B460F22F54 /* Pods */ = {
			isa = PBXGroup;
			children = (
				BFAA7262EA632554AE692584 /* Pods.debug.xcconfig */,
				5495F9E3F4BE3E2E86412487 /* Pods.release.xcconfig */,
			);
			name = Pods;
			sourceTree = "<group>";
		};
/* End PBXGroup section */

/* Begin PBXNativeTarget section */
		8269D27B1B65DC5C0041AE0B /* MyOne */ = {
			isa = PBXNativeTarget;
			buildConfigurationList = 8269D29F1B65DC5C0041AE0B /* Build configuration list for PBXNativeTarget "MyOne" */;
			buildPhases = (
				E31ECC4C88FD6D2A8CF7694C /* Check Pods Manifest.lock */,
				8269D2781B65DC5C0041AE0B /* Sources */,
				8269D2791B65DC5C0041AE0B /* Frameworks */,
				8269D27A1B65DC5C0041AE0B /* Resources */,
				15D8936F3E8473A8FDB7A106 /* Copy Pods Resources */,
			);
			buildRules = (
			);
			dependencies = (
			);
			name = MyOne;
			productName = MyOne;
			productReference = 8269D27C1B65DC5C0041AE0B /* MyOne.app */;
			productType = "com.apple.product-type.application";
		};
		8269D2941B65DC5C0041AE0B /* MyOneTests */ = {
			isa = PBXNativeTarget;
			buildConfigurationList = 8269D2A21B65DC5C0041AE0B /* Build configuration list for PBXNativeTarget "MyOneTests" */;
			buildPhases = (
				8269D2911B65DC5C0041AE0B /* Sources */,
				8269D2921B65DC5C0041AE0B /* Frameworks */,
				8269D2931B65DC5C0041AE0B /* Resources */,
			);
			buildRules = (
			);
			dependencies = (
				8269D2971B65DC5C0041AE0B /* PBXTargetDependency */,
			);
			name = MyOneTests;
			productName = MyOneTests;
			productReference = 8269D2951B65DC5C0041AE0B /* MyOneTests.xctest */;
			productType = "com.apple.product-type.bundle.unit-test";
		};
/* End PBXNativeTarget section */

/* Begin PBXProject section */
		8269D2741B65DC5C0041AE0B /* Project object */ = {
			isa = PBXProject;
			attributes = {
				LastUpgradeCheck = 0640;
				ORGANIZATIONNAME = melody;
				TargetAttributes = {
					8269D27B1B65DC5C0041AE0B = {
						CreatedOnToolsVersion = 6.4;
					};
					8269D2941B65DC5C0041AE0B = {
						CreatedOnToolsVersion = 6.4;
						TestTargetID = 8269D27B1B65DC5C0041AE0B;
					};
				};
			};
			buildConfigurationList = 8269D2771B65DC5C0041AE0B /* Build configuration list for PBXProject "MyOne" */;
			compatibilityVersion = "Xcode 3.2";
			developmentRegion = English;
			hasScannedForEncodings = 0;
			knownRegions = (
				en,
				Base,
			);
			mainGroup = 8269D2731B65DC5C0041AE0B;
			productRefGroup = 8269D27D1B65DC5C0041AE0B /* Products */;
			projectDirPath = "";
			projectRoot = "";
			targets = (
				8269D27B1B65DC5C0041AE0B /* MyOne */,
				8269D2941B65DC5C0041AE0B /* MyOneTests */,
			);
		};
/* End PBXProject section */

/* Begin PBXResourcesBuildPhase section */
		8269D27A1B65DC5C0041AE0B /* Resources */ = {
			isa = PBXResourcesBuildPhase;
			buildActionMask = 2147483647;
			files = (
				8213924C1B6BAAD5004D91EF /* Century Gothic Bold.TTF in Resources */,
				828F6D201B68E785007521F0 /* question_content.txt in Resources */,
				821392411B6A60FD004D91EF /* reading_content_3.txt in Resources */,
				8269D28B1B65DC5C0041AE0B /* Main.storyboard in Resources */,
				828F6D211B68E785007521F0 /* reading_content_0.txt in Resources */,
				8269D28D1B65DC5C0041AE0B /* Images.xcassets in Resources */,
				82A726601B6CD42600348EAC /* ReadingAuthorView.xib in Resources */,
				828F6D1F1B68E785007521F0 /* home_content.txt in Resources */,
				828F6D221B68E785007521F0 /* thing_content.txt in Resources */,
				821392401B6A60FD004D91EF /* reading_content_2.txt in Resources */,
				8213923F1B6A60FD004D91EF /* reading_content_1.txt in Resources */,
				821392421B6A60FD004D91EF /* reading_content_4.txt in Resources */,
			);
			runOnlyForDeploymentPostprocessing = 0;
		};
		8269D2931B65DC5C0041AE0B /* Resources */ = {
			isa = PBXResourcesBuildPhase;
			buildActionMask = 2147483647;
			files = (
			);
			runOnlyForDeploymentPostprocessing = 0;
		};
/* End PBXResourcesBuildPhase section */

/* Begin PBXShellScriptBuildPhase section */
		15D8936F3E8473A8FDB7A106 /* Copy Pods Resources */ = {
			isa = PBXShellScriptBuildPhase;
			buildActionMask = 2147483647;
			files = (
			);
			inputPaths = (
			);
			name = "Copy Pods Resources";
			outputPaths = (
			);
			runOnlyForDeploymentPostprocessing = 0;
			shellPath = /bin/sh;
			shellScript = "\"${SRCROOT}/Pods/Target Support Files/Pods/Pods-resources.sh\"\n";
			showEnvVarsInLog = 0;
		};
		E31ECC4C88FD6D2A8CF7694C /* Check Pods Manifest.lock */ = {
			isa = PBXShellScriptBuildPhase;
			buildActionMask = 2147483647;
			files = (
			);
			inputPaths = (
			);
			name = "Check Pods Manifest.lock";
			outputPaths = (
			);
			runOnlyForDeploymentPostprocessing = 0;
			shellPath = /bin/sh;
			shellScript = "diff \"${PODS_ROOT}/../Podfile.lock\" \"${PODS_ROOT}/Manifest.lock\" > /dev/null\nif [[ $? != 0 ]] ; then\n    cat << EOM\nerror: The sandbox is not in sync with the Podfile.lock. Run 'pod install' or update your CocoaPods installation.\nEOM\n    exit 1\nfi\n";
			showEnvVarsInLog = 0;
		};
/* End PBXShellScriptBuildPhase section */

/* Begin PBXSourcesBuildPhase section */
		8269D2781B65DC5C0041AE0B /* Sources */ = {
			isa = PBXSourcesBuildPhase;
			buildActionMask = 2147483647;
			files = (
				8269D2851B65DC5C0041AE0B /* AppDelegate.m in Sources */,
				82E75E981B6753C9000C8106 /* BaseViewController.m in Sources */,
				82E75E7A1B65F5C1000C8106 /* ThingViewController.m in Sources */,
				82E75E9B1B678057000C8106 /* RightPullToRefreshView.m in Sources */,
				82E75E801B65F636000C8106 /* AboutViewController.m in Sources */,
				82E75E941B6725F8000C8106 /* BaseFunction.m in Sources */,
				82E75E771B65F5AB000C8106 /* QuestionViewController.m in Sources */,
				8213923A1B6A4749004D91EF /* ReadingAuthorView.m in Sources */,
				82E75E7D1B65F5CD000C8106 /* PersonViewController.m in Sources */,
				821392451B6B3A9D004D91EF /* HomeView.m in Sources */,
				8269D2821B65DC5C0041AE0B /* main.m in Sources */,
				82E75E8A1B66102C000C8106 /* AppConfigure.m in Sources */,
				828F6D2D1B68E98A007521F0 /* HomeEntity.m in Sources */,
				828F6D301B68E9A9007521F0 /* ReadingEntity.m in Sources */,
				82E75E711B65F58A000C8106 /* HomeViewController.m in Sources */,
				828F6D331B68E9BE007521F0 /* QuestionEntity.m in Sources */,
				82E75E741B65F59E000C8106 /* ReadingViewController.m in Sources */,
				828F6D361B68E9CF007521F0 /* ThingEntity.m in Sources */,
			);
			runOnlyForDeploymentPostprocessing = 0;
		};
		8269D2911B65DC5C0041AE0B /* Sources */ = {
			isa = PBXSourcesBuildPhase;
			buildActionMask = 2147483647;
			files = (
				8269D29C1B65DC5C0041AE0B /* MyOneTests.m in Sources */,
			);
			runOnlyForDeploymentPostprocessing = 0;
		};
/* End PBXSourcesBuildPhase section */

/* Begin PBXTargetDependency section */
		8269D2971B65DC5C0041AE0B /* PBXTargetDependency */ = {
			isa = PBXTargetDependency;
			target = 8269D27B1B65DC5C0041AE0B /* MyOne */;
			targetProxy = 8269D2961B65DC5C0041AE0B /* PBXContainerItemProxy */;
		};
/* End PBXTargetDependency section */

/* Begin PBXVariantGroup section */
		8269D2891B65DC5C0041AE0B /* Main.storyboard */ = {
			isa = PBXVariantGroup;
			children = (
				8269D28A1B65DC5C0041AE0B /* Base */,
			);
			name = Main.storyboard;
			sourceTree = "<group>";
		};
/* End PBXVariantGroup section */

/* Begin XCBuildConfiguration section */
		8269D29D1B65DC5C0041AE0B /* Debug */ = {
			isa = XCBuildConfiguration;
			buildSettings = {
				ALWAYS_SEARCH_USER_PATHS = NO;
				CLANG_CXX_LANGUAGE_STANDARD = "gnu++0x";
				CLANG_CXX_LIBRARY = "libc++";
				CLANG_ENABLE_MODULES = YES;
				CLANG_ENABLE_OBJC_ARC = YES;
				CLANG_WARN_BOOL_CONVERSION = YES;
				CLANG_WARN_CONSTANT_CONVERSION = YES;
				CLANG_WARN_DIRECT_OBJC_ISA_USAGE = YES_ERROR;
				CLANG_WARN_EMPTY_BODY = YES;
				CLANG_WARN_ENUM_CONVERSION = YES;
				CLANG_WARN_INT_CONVERSION = YES;
				CLANG_WARN_OBJC_ROOT_CLASS = YES_ERROR;
				CLANG_WARN_UNREACHABLE_CODE = YES;
				CLANG_WARN__DUPLICATE_METHOD_MATCH = YES;
				"CODE_SIGN_IDENTITY[sdk=iphoneos*]" = "iPhone Developer";
				COPY_PHASE_STRIP = NO;
				DEBUG_INFORMATION_FORMAT = "dwarf-with-dsym";
				ENABLE_STRICT_OBJC_MSGSEND = YES;
				GCC_C_LANGUAGE_STANDARD = gnu99;
				GCC_DYNAMIC_NO_PIC = NO;
				GCC_NO_COMMON_BLOCKS = YES;
				GCC_OPTIMIZATION_LEVEL = 0;
				GCC_PREPROCESSOR_DEFINITIONS = (
					"DEBUG=1",
					"$(inherited)",
				);
				GCC_SYMBOLS_PRIVATE_EXTERN = NO;
				GCC_WARN_64_TO_32_BIT_CONVERSION = YES;
				GCC_WARN_ABOUT_RETURN_TYPE = YES_ERROR;
				GCC_WARN_UNDECLARED_SELECTOR = YES;
				GCC_WARN_UNINITIALIZED_AUTOS = YES_AGGRESSIVE;
				GCC_WARN_UNUSED_FUNCTION = YES;
				GCC_WARN_UNUSED_VARIABLE = YES;
				IPHONEOS_DEPLOYMENT_TARGET = 7.0;
				MTL_ENABLE_DEBUG_INFO = YES;
				ONLY_ACTIVE_ARCH = YES;
				SDKROOT = iphoneos;
			};
			name = Debug;
		};
		8269D29E1B65DC5C0041AE0B /* Release */ = {
			isa = XCBuildConfiguration;
			buildSettings = {
				ALWAYS_SEARCH_USER_PATHS = NO;
				CLANG_CXX_LANGUAGE_STANDARD = "gnu++0x";
				CLANG_CXX_LIBRARY = "libc++";
				CLANG_ENABLE_MODULES = YES;
				CLANG_ENABLE_OBJC_ARC = YES;
				CLANG_WARN_BOOL_CONVERSION = YES;
				CLANG_WARN_CONSTANT_CONVERSION = YES;
				CLANG_WARN_DIRECT_OBJC_ISA_USAGE = YES_ERROR;
				CLANG_WARN_EMPTY_BODY = YES;
				CLANG_WARN_ENUM_CONVERSION = YES;
				CLANG_WARN_INT_CONVERSION = YES;
				CLANG_WARN_OBJC_ROOT_CLASS = YES_ERROR;
				CLANG_WARN_UNREACHABLE_CODE = YES;
				CLANG_WARN__DUPLICATE_METHOD_MATCH = YES;
				"CODE_SIGN_IDENTITY[sdk=iphoneos*]" = "iPhone Developer";
				COPY_PHASE_STRIP = NO;
				DEBUG_INFORMATION_FORMAT = "dwarf-with-dsym";
				ENABLE_NS_ASSERTIONS = NO;
				ENABLE_STRICT_OBJC_MSGSEND = YES;
				GCC_C_LANGUAGE_STANDARD = gnu99;
				GCC_NO_COMMON_BLOCKS = YES;
				GCC_WARN_64_TO_32_BIT_CONVERSION = YES;
				GCC_WARN_ABOUT_RETURN_TYPE = YES_ERROR;
				GCC_WARN_UNDECLARED_SELECTOR = YES;
				GCC_WARN_UNINITIALIZED_AUTOS = YES_AGGRESSIVE;
				GCC_WARN_UNUSED_FUNCTION = YES;
				GCC_WARN_UNUSED_VARIABLE = YES;
				IPHONEOS_DEPLOYMENT_TARGET = 7.0;
				MTL_ENABLE_DEBUG_INFO = NO;
				SDKROOT = iphoneos;
				VALIDATE_PRODUCT = YES;
			};
			name = Release;
		};
		8269D2A01B65DC5C0041AE0B /* Debug */ = {
			isa = XCBuildConfiguration;
			baseConfigurationReference = BFAA7262EA632554AE692584 /* Pods.debug.xcconfig */;
			buildSettings = {
				ASSETCATALOG_COMPILER_APPICON_NAME = AppIcon;
				ASSETCATALOG_COMPILER_LAUNCHIMAGE_NAME = LaunchImage;
				FRAMEWORK_SEARCH_PATHS = (
					"$(inherited)",
					"$(PROJECT_DIR)",
				);
				GCC_PREFIX_HEADER = "$(SRCROOT)/MyOne/MyOne.pch";
				INFOPLIST_FILE = MyOne/Info.plist;
				IPHONEOS_DEPLOYMENT_TARGET = 7.0;
				LD_RUNPATH_SEARCH_PATHS = "$(inherited) @executable_path/Frameworks";
				OTHER_LDFLAGS = (
					"$(inherited)",
					"-ObjC",
					"-l\"Pods-AFNetworking\"",
					"-l\"Pods-MBProgressHUD\"",
					"-l\"Pods-SDWebImage\"",
					"-framework",
					"\"CoreGraphics\"",
					"-framework",
					"\"ImageIO\"",
					"-framework",
					"\"MobileCoreServices\"",
					"-framework",
					"\"Security\"",
					"-framework",
					"\"SystemConfiguration\"",
					"-ObjC",
					"-lz",
					"-framework",
					Reveal,
				);
				PRODUCT_NAME = "$(TARGET_NAME)";
			};
			name = Debug;
		};
		8269D2A11B65DC5C0041AE0B /* Release */ = {
			isa = XCBuildConfiguration;
			baseConfigurationReference = 5495F9E3F4BE3E2E86412487 /* Pods.release.xcconfig */;
			buildSettings = {
				ASSETCATALOG_COMPILER_APPICON_NAME = AppIcon;
				ASSETCATALOG_COMPILER_LAUNCHIMAGE_NAME = LaunchImage;
				FRAMEWORK_SEARCH_PATHS = (
					"$(inherited)",
					"$(PROJECT_DIR)",
				);
				GCC_PREFIX_HEADER = "$(SRCROOT)/MyOne/MyOne.pch";
				INFOPLIST_FILE = MyOne/Info.plist;
				IPHONEOS_DEPLOYMENT_TARGET = 7.0;
				LD_RUNPATH_SEARCH_PATHS = "$(inherited) @executable_path/Frameworks";
				OTHER_LDFLAGS = (
					"$(inherited)",
					"-ObjC",
					"-l\"Pods-AFNetworking\"",
					"-l\"Pods-MBProgressHUD\"",
					"-l\"Pods-SDWebImage\"",
					"-framework",
					"\"CoreGraphics\"",
					"-framework",
					"\"ImageIO\"",
					"-framework",
					"\"MobileCoreServices\"",
					"-framework",
					"\"Security\"",
					"-framework",
					"\"SystemConfiguration\"",
					"-ObjC",
					"-lz",
					"-framework",
					Reveal,
				);
				PRODUCT_NAME = "$(TARGET_NAME)";
			};
			name = Release;
		};
		8269D2A31B65DC5C0041AE0B /* Debug */ = {
			isa = XCBuildConfiguration;
			buildSettings = {
				BUNDLE_LOADER = "$(TEST_HOST)";
				FRAMEWORK_SEARCH_PATHS = (
					"$(SDKROOT)/Developer/Library/Frameworks",
					"$(inherited)",
				);
				GCC_PREPROCESSOR_DEFINITIONS = (
					"DEBUG=1",
					"$(inherited)",
				);
				INFOPLIST_FILE = MyOneTests/Info.plist;
				LD_RUNPATH_SEARCH_PATHS = "$(inherited) @executable_path/Frameworks @loader_path/Frameworks";
				PRODUCT_NAME = "$(TARGET_NAME)";
				TEST_HOST = "$(BUILT_PRODUCTS_DIR)/MyOne.app/MyOne";
			};
			name = Debug;
		};
		8269D2A41B65DC5C0041AE0B /* Release */ = {
			isa = XCBuildConfiguration;
			buildSettings = {
				BUNDLE_LOADER = "$(TEST_HOST)";
				FRAMEWORK_SEARCH_PATHS = (
					"$(SDKROOT)/Developer/Library/Frameworks",
					"$(inherited)",
				);
				INFOPLIST_FILE = MyOneTests/Info.plist;
				LD_RUNPATH_SEARCH_PATHS = "$(inherited) @executable_path/Frameworks @loader_path/Frameworks";
				PRODUCT_NAME = "$(TARGET_NAME)";
				TEST_HOST = "$(BUILT_PRODUCTS_DIR)/MyOne.app/MyOne";
			};
			name = Release;
		};
/* End XCBuildConfiguration section */

/* Begin XCConfigurationList section */
		8269D2771B65DC5C0041AE0B /* Build configuration list for PBXProject "MyOne" */ = {
			isa = XCConfigurationList;
			buildConfigurations = (
				8269D29D1B65DC5C0041AE0B /* Debug */,
				8269D29E1B65DC5C0041AE0B /* Release */,
			);
			defaultConfigurationIsVisible = 0;
			defaultConfigurationName = Release;
		};
		8269D29F1B65DC5C0041AE0B /* Build configuration list for PBXNativeTarget "MyOne" */ = {
			isa = XCConfigurationList;
			buildConfigurations = (
				8269D2A01B65DC5C0041AE0B /* Debug */,
				8269D2A11B65DC5C0041AE0B /* Release */,
			);
			defaultConfigurationIsVisible = 0;
			defaultConfigurationName = Release;
		};
		8269D2A21B65DC5C0041AE0B /* Build configuration list for PBXNativeTarget "MyOneTests" */ = {
			isa = XCConfigurationList;
			buildConfigurations = (
				8269D2A31B65DC5C0041AE0B /* Debug */,
				8269D2A41B65DC5C0041AE0B /* Release */,
			);
			defaultConfigurationIsVisible = 0;
			defaultConfigurationName = Release;
		};
/* End XCConfigurationList section */
	};
	rootObject = 8269D2741B65DC5C0041AE0B /* Project object */;
}
